
Microsoft Visual Studio Solution File, Format Version 12.00
# Visual Studio 15
VisualStudioVersion = 15.0.28010.2046
MinimumVisualStudioVersion = 10.0.40219.1
Project("{FAE04EC0-301F-11D3-BF4B-00C04F79EFBC}") = "TestUseGitHubForDeployment", "TestUseGitHubForDeployment\TestUseGitHubForDeployment.csproj", "{5D158AC7-74DE-4666-96BA-188974B70A03}"
EndProject
Global
	GlobalSection(SolutionConfigurationPlatforms) = preSolution
		Debug|Any CPU = Debug|Any CPU
		Release|Any CPU = Release|Any CPU
	EndGlobalSection
	GlobalSection(ProjectConfigurationPlatforms) = postSolution
		{5D158AC7-74DE-4666-96BA-188974B70A03}.Debug|Any CPU.ActiveCfg = Debug|Any CPU
		{5D158AC7-74DE-4666-96BA-188974B70A03}.Debug|Any CPU.Build.0 = Debug|Any CPU
		{5D158AC7-74DE-4666-96BA-188974B70A03}.Release|Any CPU.ActiveCfg = Release|Any CPU
		{5D158AC7-74DE-4666-96BA-188974B70A03}.Release|Any CPU.Build.0 = Release|Any CPU
	EndGlobalSection
	GlobalSection(SolutionProperties) = preSolution
		HideSolutionNode = FALSE
	EndGlobalSection
	GlobalSection(ExtensibilityGlobals) = postSolution
		SolutionGuid = {0D389C11-7FFC-4FFD-8E05-C751BF8A4D41}
	EndGlobalSection
EndGlobal
